
Microsoft Visual Studio Solution File, Format Version 10.00
# Visual C++ Express 2008
Project("{8BC9CEB8-8B4A-11D0-8D11-00A0C91BC942}") = "encoder", "encoder\jpegenc.vcproj", "{CC5F24AA-ADCC-4036-935B-D42AC729B12A}"
EndProject
Project("{8BC9CEB8-8B4A-11D0-8D11-00A0C91BC942}") = "decoder", "decoder\jpegdec.vcproj", "{27172F88-3D2A-4CE1-B5A7-2945E3A84294}"
EndProject
Global
	GlobalSection(SolutionConfigurationPlatforms) = preSolution
		Debug|Win32 = Debug|Win32
		Release|Win32 = Release|Win32
	EndGlobalSection
	GlobalSection(ProjectConfigurationPlatforms) = postSolution
		{CC5F24AA-ADCC-4036-935B-D42AC729B12A}.Debug|Win32.ActiveCfg = Debug|Win32
		{CC5F24AA-ADCC-4036-935B-D42AC729B12A}.Debug|Win32.Build.0 = Debug|Win32
		{CC5F24AA-ADCC-4036-935B-D42AC729B12A}.Release|Win32.ActiveCfg = Release|Win32
		{CC5F24AA-ADCC-4036-935B-D42AC729B12A}.Release|Win32.Build.0 = Release|Win32
		{27172F88-3D2A-4CE1-B5A7-2945E3A84294}.Debug|Win32.ActiveCfg = Debug|Win32
		{27172F88-3D2A-4CE1-B5A7-2945E3A84294}.Debug|Win32.Build.0 = Debug|Win32
		{27172F88-3D2A-4CE1-B5A7-2945E3A84294}.Release|Win32.ActiveCfg = Release|Win32
		{27172F88-3D2A-4CE1-B5A7-2945E3A84294}.Release|Win32.Build.0 = Release|Win32
	EndGlobalSection
	GlobalSection(SolutionProperties) = preSolution
		HideSolutionNode = FALSE
	EndGlobalSection
EndGlobal
